hash: 3e7227555e041a79abfb801ad5214f7623f39a7951a1350925b362366bb65007
updated: 2016-05-18T16:28:29.964446506-04:00
imports:
- name: github.com/codegangsta/negroni
  version: dc45282b3653ee198a3c06a82bc7847b03666497
- name: github.com/gorilla/context
  version: a8d44e7d8e4d532b6a27a02dd82abb31cc1b01bd
- name: github.com/gorilla/mux
  version: 9c19ed558d5df4da88e2ade9c8940d742aef0e7e
- name: github.com/unrolled/render
  version: 198ad4d8b8a4612176b804ca10555b222a086b40
devImports: []
